
Microsoft Visual Studio Solution File, Format Version 12.00
Project("{FAE04EC0-301F-11D3-BF4B-00C04F79EFBC}") = "Day1", "Day1\Day1.csproj", "{9079E189-408F-4822-99CC-BABD1A2BB1BC}"
EndProject
Project("{FAE04EC0-301F-11D3-BF4B-00C04F79EFBC}") = "Day2", "Day2\Day2.csproj", "{94088CD8-C4F6-41E0-A928-754C954991AF}"
EndProject
Global
	GlobalSection(SolutionConfigurationPlatforms) = preSolution
		Debug|Any CPU = Debug|Any CPU
		Release|Any CPU = Release|Any CPU
	EndGlobalSection
	GlobalSection(ProjectConfigurationPlatforms) = postSolution
		{9079E189-408F-4822-99CC-BABD1A2BB1BC}.Debug|Any CPU.ActiveCfg = Debug|Any CPU
		{9079E189-408F-4822-99CC-BABD1A2BB1BC}.Debug|Any CPU.Build.0 = Debug|Any CPU
		{9079E189-408F-4822-99CC-BABD1A2BB1BC}.Release|Any CPU.ActiveCfg = Release|Any CPU
		{9079E189-408F-4822-99CC-BABD1A2BB1BC}.Release|Any CPU.Build.0 = Release|Any CPU
		{94088CD8-C4F6-41E0-A928-754C954991AF}.Debug|Any CPU.ActiveCfg = Debug|Any CPU
		{94088CD8-C4F6-41E0-A928-754C954991AF}.Debug|Any CPU.Build.0 = Debug|Any CPU
		{94088CD8-C4F6-41E0-A928-754C954991AF}.Release|Any CPU.ActiveCfg = Release|Any CPU
		{94088CD8-C4F6-41E0-A928-754C954991AF}.Release|Any CPU.Build.0 = Release|Any CPU
	EndGlobalSection
EndGlobal
